[root]
name = "rirc-server"
version = "0.1.0"
dependencies = [
 "ascii 0.8.6 (registry+https://github.com/rust-lang/crates.io-index)",
]

[[package]]
name = "ascii"
version = "0.8.6"
source = "registry+https://github.com/rust-lang/crates.io-index"

[metadata]
"checksum ascii 0.8.6 (registry+https://github.com/rust-lang/crates.io-index)" = "d67407714c5e17931b2cab487cfc68346ee4f8f87bb59fc49336103edaf36d24"
